// !$*UTF8*$!
{
	archiveVersion = 1;
	classes = {
	};
	objectVersion = 56;
	objects = {

/* Begin PBXBuildFile section */
		6A723224293FA27400EA6D83 /* jujunotesApp.swift in Sources */ = {isa = PBXBuildFile; fileRef = 6A723223293FA27400EA6D83 /* jujunotesApp.swift */; };
		6A723226293FA27400EA6D83 /* ContentView.swift in Sources */ = {isa = PBXBuildFile; fileRef = 6A723225293FA27400EA6D83 /* ContentView.swift */; };
		6A72322C293FA27500EA6D83 /* Preview Assets.xcassets in Resources */ = {isa = PBXBuildFile; fileRef = 6A72322B293FA27500EA6D83 /* Preview Assets.xcassets */; };
		6ABB03CF2959D95A006718FE /* TemplatesView.swift in Sources */ = {isa = PBXBuildFile; fileRef = 6ABB03CE2959D95A006718FE /* TemplatesView.swift */; };
		6ABB03D12959DCDC006718FE /* StatsView.swift in Sources */ = {isa = PBXBuildFile; fileRef = 6ABB03D02959DCDC006718FE /* StatsView.swift */; };
		6ABB03D329684120006718FE /* TemplateDetailView.swift in Sources */ = {isa = PBXBuildFile; fileRef = 6ABB03D229684120006718FE /* TemplateDetailView.swift */; };
		6ABB03D529684279006718FE /* TemplateCardView.swift in Sources */ = {isa = PBXBuildFile; fileRef = 6ABB03D429684279006718FE /* TemplateCardView.swift */; };
		6AD5309A294600BF00CC550F /* ExercisesEditView.swift in Sources */ = {isa = PBXBuildFile; fileRef = 6AD53099294600BF00CC550F /* ExercisesEditView.swift */; };
		6AE4172B293FA2FA001E1E7E /* Models.swift in Sources */ = {isa = PBXBuildFile; fileRef = 6AE41729293FA2FA001E1E7E /* Models.swift */; };
		6AE4172C293FA2FA001E1E7E /* WorkoutStore.swift in Sources */ = {isa = PBXBuildFile; fileRef = 6AE4172A293FA2FA001E1E7E /* WorkoutStore.swift */; };
		6AE41734293FA321001E1E7E /* WorkoutDetailView.swift in Sources */ = {isa = PBXBuildFile; fileRef = 6AE4172D293FA321001E1E7E /* WorkoutDetailView.swift */; };
		6AE41735293FA321001E1E7E /* WorkoutEditView.swift in Sources */ = {isa = PBXBuildFile; fileRef = 6AE4172E293FA321001E1E7E /* WorkoutEditView.swift */; };
		6AE41736293FA321001E1E7E /* WorkoutCardView.swift in Sources */ = {isa = PBXBuildFile; fileRef = 6AE4172F293FA321001E1E7E /* WorkoutCardView.swift */; };
		6AE41737293FA321001E1E7E /* ExerciseAddView.swift in Sources */ = {isa = PBXBuildFile; fileRef = 6AE41730293FA321001E1E7E /* ExerciseAddView.swift */; };
		6AE41738293FA321001E1E7E /* WorkoutStorage.swift in Sources */ = {isa = PBXBuildFile; fileRef = 6AE41731293FA321001E1E7E /* WorkoutStorage.swift */; };
		6AE41739293FA321001E1E7E /* ExerciseCardView.swift in Sources */ = {isa = PBXBuildFile; fileRef = 6AE41732293FA321001E1E7E /* ExerciseCardView.swift */; };
		6AE4173A293FA321001E1E7E /* WorkoutsView.swift in Sources */ = {isa = PBXBuildFile; fileRef = 6AE41733293FA321001E1E7E /* WorkoutsView.swift */; };
		6AE4173C293FA340001E1E7E /* Assets.xcassets in Resources */ = {isa = PBXBuildFile; fileRef = 6AE4173B293FA340001E1E7E /* Assets.xcassets */; };
		6AE4173E293FA4D7001E1E7E /* ErrorView.swift in Sources */ = {isa = PBXBuildFile; fileRef = 6AE4173D293FA4D7001E1E7E /* ErrorView.swift */; };
		6AE41740293FA526001E1E7E /* ErrorWrapper.swift in Sources */ = {isa = PBXBuildFile; fileRef = 6AE4173F293FA526001E1E7E /* ErrorWrapper.swift */; };
		6AE4174229408E75001E1E7E /* Assets.xcassets in Resources */ = {isa = PBXBuildFile; fileRef = 6AE4174129408E75001E1E7E /* Assets.xcassets */; };
/* End PBXBuildFile section */

/* Begin PBXFileReference section */
		6A723220293FA27400EA6D83 /* jujunotes.app */ = {isa = PBXFileReference; explicitFileType = wrapper.application; includeInIndex = 0; path = jujunotes.app; sourceTree = BUILT_PRODUCTS_DIR; };
		6A723223293FA27400EA6D83 /* jujunotesApp.swift */ = {isa = PBXFileReference; lastKnownFileType = sourcecode.swift; path = jujunotesApp.swift; sourceTree = "<group>"; };
		6A723225293FA27400EA6D83 /* ContentView.swift */ = {isa = PBXFileReference; lastKnownFileType = sourcecode.swift; path = ContentView.swift; sourceTree = "<group>"; };
		6A723229293FA27500EA6D83 /* jujunotes.entitlements */ = {isa = PBXFileReference; lastKnownFileType = text.plist.entitlements; path = jujunotes.entitlements; sourceTree = "<group>"; };
		6A72322B293FA27500EA6D83 /* Preview Assets.xcassets */ = {isa = PBXFileReference; lastKnownFileType = folder.assetcatalog; path = "Preview Assets.xcassets"; sourceTree = "<group>"; };
		6ABB03CE2959D95A006718FE /* TemplatesView.swift */ = {isa = PBXFileReference; lastKnownFileType = sourcecode.swift; path = TemplatesView.swift; sourceTree = "<group>"; };
		6ABB03D02959DCDC006718FE /* StatsView.swift */ = {isa = PBXFileReference; lastKnownFileType = sourcecode.swift; path = StatsView.swift; sourceTree = "<group>"; };
		6ABB03D229684120006718FE /* TemplateDetailView.swift */ = {isa = PBXFileReference; lastKnownFileType = sourcecode.swift; path = TemplateDetailView.swift; sourceTree = "<group>"; };
		6ABB03D429684279006718FE /* TemplateCardView.swift */ = {isa = PBXFileReference; lastKnownFileType = sourcecode.swift; path = TemplateCardView.swift; sourceTree = "<group>"; };
		6AD53099294600BF00CC550F /* ExercisesEditView.swift */ = {isa = PBXFileReference; lastKnownFileType = sourcecode.swift; path = ExercisesEditView.swift; sourceTree = "<group>"; };
		6AE41729293FA2FA001E1E7E /* Models.swift */ = {isa = PBXFileReference; fileEncoding = 4; lastKnownFileType = sourcecode.swift; path = Models.swift; sourceTree = "<group>"; };
		6AE4172A293FA2FA001E1E7E /* WorkoutStore.swift */ = {isa = PBXFileReference; fileEncoding = 4; lastKnownFileType = sourcecode.swift; path = WorkoutStore.swift; sourceTree = "<group>"; };
		6AE4172D293FA321001E1E7E /* WorkoutDetailView.swift */ = {isa = PBXFileReference; fileEncoding = 4; lastKnownFileType = sourcecode.swift; path = WorkoutDetailView.swift; sourceTree = "<group>"; };
		6AE4172E293FA321001E1E7E /* WorkoutEditView.swift */ = {isa = PBXFileReference; fileEncoding = 4; lastKnownFileType = sourcecode.swift; path = WorkoutEditView.swift; sourceTree = "<group>"; };
		6AE4172F293FA321001E1E7E /* WorkoutCardView.swift */ = {isa = PBXFileReference; fileEncoding = 4; lastKnownFileType = sourcecode.swift; path = WorkoutCardView.swift; sourceTree = "<group>"; };
		6AE41730293FA321001E1E7E /* ExerciseAddView.swift */ = {isa = PBXFileReference; fileEncoding = 4; lastKnownFileType = sourcecode.swift; path = ExerciseAddView.swift; sourceTree = "<group>"; };
		6AE41731293FA321001E1E7E /* WorkoutStorage.swift */ = {isa = PBXFileReference; fileEncoding = 4; lastKnownFileType = sourcecode.swift; path = WorkoutStorage.swift; sourceTree = "<group>"; };
		6AE41732293FA321001E1E7E /* ExerciseCardView.swift */ = {isa = PBXFileReference; fileEncoding = 4; lastKnownFileType = sourcecode.swift; path = ExerciseCardView.swift; sourceTree = "<group>"; };
		6AE41733293FA321001E1E7E /* WorkoutsView.swift */ = {isa = PBXFileReference; fileEncoding = 4; lastKnownFileType = sourcecode.swift; path = WorkoutsView.swift; sourceTree = "<group>"; };
		6AE4173B293FA340001E1E7E /* Assets.xcassets */ = {isa = PBXFileReference; lastKnownFileType = folder.assetcatalog; path = Assets.xcassets; sourceTree = "<group>"; };
		6AE4173D293FA4D7001E1E7E /* ErrorView.swift */ = {isa = PBXFileReference; lastKnownFileType = sourcecode.swift; path = ErrorView.swift; sourceTree = "<group>"; };
		6AE4173F293FA526001E1E7E /* ErrorWrapper.swift */ = {isa = PBXFileReference; lastKnownFileType = sourcecode.swift; path = ErrorWrapper.swift; sourceTree = "<group>"; };
		6AE4174129408E75001E1E7E /* Assets.xcassets */ = {isa = PBXFileReference; lastKnownFileType = folder.assetcatalog; path = Assets.xcassets; sourceTree = "<group>"; };
/* End PBXFileReference section */

/* Begin PBXFrameworksBuildPhase section */
		6A72321D293FA27400EA6D83 /* Frameworks */ = {
			isa = PBXFrameworksBuildPhase;
			buildActionMask = 2147483647;
			files = (
			);
			runOnlyForDeploymentPostprocessing = 0;
		};
/* End PBXFrameworksBuildPhase section */

/* Begin PBXGroup section */
		6A723217293FA27400EA6D83 = {
			isa = PBXGroup;
			children = (
				6A723222293FA27400EA6D83 /* jujunotes */,
				6A723221293FA27400EA6D83 /* Products */,
			);
			sourceTree = "<group>";
		};
		6A723221293FA27400EA6D83 /* Products */ = {
			isa = PBXGroup;
			children = (
				6A723220293FA27400EA6D83 /* jujunotes.app */,
			);
			name = Products;
			sourceTree = "<group>";
		};
		6A723222293FA27400EA6D83 /* jujunotes */ = {
			isa = PBXGroup;
			children = (
				6AE4173B293FA340001E1E7E /* Assets.xcassets */,
				6A723225293FA27400EA6D83 /* ContentView.swift */,
				6AE4173D293FA4D7001E1E7E /* ErrorView.swift */,
				6AE41730293FA321001E1E7E /* ExerciseAddView.swift */,
				6AE41732293FA321001E1E7E /* ExerciseCardView.swift */,
				6AD53099294600BF00CC550F /* ExercisesEditView.swift */,
				6A723229293FA27500EA6D83 /* jujunotes.entitlements */,
				6A723223293FA27400EA6D83 /* jujunotesApp.swift */,
				6AE41728293FA2FA001E1E7E /* models */,
				6A72322A293FA27500EA6D83 /* Preview Content */,
				6ABB03D02959DCDC006718FE /* StatsView.swift */,
				6ABB03D429684279006718FE /* TemplateCardView.swift */,
				6ABB03D229684120006718FE /* TemplateDetailView.swift */,
				6ABB03CE2959D95A006718FE /* TemplatesView.swift */,
				6AE4172F293FA321001E1E7E /* WorkoutCardView.swift */,
				6AE4172D293FA321001E1E7E /* WorkoutDetailView.swift */,
				6AE4172E293FA321001E1E7E /* WorkoutEditView.swift */,
				6AE41731293FA321001E1E7E /* WorkoutStorage.swift */,
				6AE41733293FA321001E1E7E /* WorkoutsView.swift */,
				6AE4174129408E75001E1E7E /* Assets.xcassets */,
			);
			path = jujunotes;
			sourceTree = "<group>";
		};
		6A72322A293FA27500EA6D83 /* Preview Content */ = {
			isa = PBXGroup;
			children = (
				6A72322B293FA27500EA6D83 /* Preview Assets.xcassets */,
			);
			path = "Preview Content";
			sourceTree = "<group>";
		};
		6AE41728293FA2FA001E1E7E /* models */ = {
			isa = PBXGroup;
			children = (
				6AE41729293FA2FA001E1E7E /* Models.swift */,
				6AE4172A293FA2FA001E1E7E /* WorkoutStore.swift */,
				6AE4173F293FA526001E1E7E /* ErrorWrapper.swift */,
			);
			path = models;
			sourceTree = "<group>";
		};
/* End PBXGroup section */

/* Begin PBXNativeTarget section */
		6A72321F293FA27400EA6D83 /* jujunotes */ = {
			isa = PBXNativeTarget;
			buildConfigurationList = 6A72322F293FA27500EA6D83 /* Build configuration list for PBXNativeTarget "jujunotes" */;
			buildPhases = (
				6A72321C293FA27400EA6D83 /* Sources */,
				6A72321D293FA27400EA6D83 /* Frameworks */,
				6A72321E293FA27400EA6D83 /* Resources */,
			);
			buildRules = (
			);
			dependencies = (
			);
			name = jujunotes;
			productName = jujunotes;
			productReference = 6A723220293FA27400EA6D83 /* jujunotes.app */;
			productType = "com.apple.product-type.application";
		};
/* End PBXNativeTarget section */

/* Begin PBXProject section */
		6A723218293FA27400EA6D83 /* Project object */ = {
			isa = PBXProject;
			attributes = {
				BuildIndependentTargetsInParallel = 1;
				LastSwiftUpdateCheck = 1410;
				LastUpgradeCheck = 1410;
				TargetAttributes = {
					6A72321F293FA27400EA6D83 = {
						CreatedOnToolsVersion = 14.1;
					};
				};
			};
			buildConfigurationList = 6A72321B293FA27400EA6D83 /* Build configuration list for PBXProject "jujunotes" */;
			compatibilityVersion = "Xcode 14.0";
			developmentRegion = en;
			hasScannedForEncodings = 0;
			knownRegions = (
				en,
				Base,
			);
			mainGroup = 6A723217293FA27400EA6D83;
			productRefGroup = 6A723221293FA27400EA6D83 /* Products */;
			projectDirPath = "";
			projectRoot = "";
			targets = (
				6A72321F293FA27400EA6D83 /* jujunotes */,
			);
		};
/* End PBXProject section */

/* Begin PBXResourcesBuildPhase section */
		6A72321E293FA27400EA6D83 /* Resources */ = {
			isa = PBXResourcesBuildPhase;
			buildActionMask = 2147483647;
			files = (
				6A72322C293FA27500EA6D83 /* Preview Assets.xcassets in Resources */,
				6AE4174229408E75001E1E7E /* Assets.xcassets in Resources */,
				6AE4173C293FA340001E1E7E /* Assets.xcassets in Resources */,
			);
			runOnlyForDeploymentPostprocessing = 0;
		};
/* End PBXResourcesBuildPhase section */

/* Begin PBXSourcesBuildPhase section */
		6A72321C293FA27400EA6D83 /* Sources */ = {
			isa = PBXSourcesBuildPhase;
			buildActionMask = 2147483647;
			files = (
				6ABB03D329684120006718FE /* TemplateDetailView.swift in Sources */,
				6AD5309A294600BF00CC550F /* ExercisesEditView.swift in Sources */,
				6AE41740293FA526001E1E7E /* ErrorWrapper.swift in Sources */,
				6AE41736293FA321001E1E7E /* WorkoutCardView.swift in Sources */,
				6A723226293FA27400EA6D83 /* ContentView.swift in Sources */,
				6ABB03D12959DCDC006718FE /* StatsView.swift in Sources */,
				6AE41737293FA321001E1E7E /* ExerciseAddView.swift in Sources */,
				6AE41734293FA321001E1E7E /* WorkoutDetailView.swift in Sources */,
				6AE41735293FA321001E1E7E /* WorkoutEditView.swift in Sources */,
				6AE4173A293FA321001E1E7E /* WorkoutsView.swift in Sources */,
				6AE4172C293FA2FA001E1E7E /* WorkoutStore.swift in Sources */,
				6AE4173E293FA4D7001E1E7E /* ErrorView.swift in Sources */,
				6AE41739293FA321001E1E7E /* ExerciseCardView.swift in Sources */,
				6AE41738293FA321001E1E7E /* WorkoutStorage.swift in Sources */,
				6ABB03D529684279006718FE /* TemplateCardView.swift in Sources */,
				6A723224293FA27400EA6D83 /* jujunotesApp.swift in Sources */,
				6AE4172B293FA2FA001E1E7E /* Models.swift in Sources */,
				6ABB03CF2959D95A006718FE /* TemplatesView.swift in Sources */,
			);
			runOnlyForDeploymentPostprocessing = 0;
		};
/* End PBXSourcesBuildPhase section */

/* Begin XCBuildConfiguration section */
		6A72322D293FA27500EA6D83 /* Debug */ = {
			isa = XCBuildConfiguration;
			buildSettings = {
				ALWAYS_SEARCH_USER_PATHS = NO;
				CLANG_ANALYZER_NONNULL = YES;
				CLANG_ANALYZER_NUMBER_OBJECT_CONVERSION = YES_AGGRESSIVE;
				CLANG_CXX_LANGUAGE_STANDARD = "gnu++20";
				CLANG_ENABLE_MODULES = YES;
				CLANG_ENABLE_OBJC_ARC = YES;
				CLANG_ENABLE_OBJC_WEAK = YES;
				CLANG_WARN_BLOCK_CAPTURE_AUTORELEASING = YES;
				CLANG_WARN_BOOL_CONVERSION = YES;
				CLANG_WARN_COMMA = YES;
				CLANG_WARN_CONSTANT_CONVERSION = YES;
				CLANG_WARN_DEPRECATED_OBJC_IMPLEMENTATIONS = YES;
				CLANG_WARN_DIRECT_OBJC_ISA_USAGE = YES_ERROR;
				CLANG_WARN_DOCUMENTATION_COMMENTS = YES;
				CLANG_WARN_EMPTY_BODY = YES;
				CLANG_WARN_ENUM_CONVERSION = YES;
				CLANG_WARN_INFINITE_RECURSION = YES;
				CLANG_WARN_INT_CONVERSION = YES;
				CLANG_WARN_NON_LITERAL_NULL_CONVERSION = YES;
				CLANG_WARN_OBJC_IMPLICIT_RETAIN_SELF = YES;
				CLANG_WARN_OBJC_LITERAL_CONVERSION = YES;
				CLANG_WARN_OBJC_ROOT_CLASS = YES_ERROR;
				CLANG_WARN_QUOTED_INCLUDE_IN_FRAMEWORK_HEADER = YES;
				CLANG_WARN_RANGE_LOOP_ANALYSIS = YES;
				CLANG_WARN_STRICT_PROTOTYPES = YES;
				CLANG_WARN_SUSPICIOUS_MOVE = YES;
				CLANG_WARN_UNGUARDED_AVAILABILITY = YES_AGGRESSIVE;
				CLANG_WARN_UNREACHABLE_CODE = YES;
				CLANG_WARN__DUPLICATE_METHOD_MATCH = YES;
				COPY_PHASE_STRIP = NO;
				DEBUG_INFORMATION_FORMAT = dwarf;
				ENABLE_STRICT_OBJC_MSGSEND = YES;
				ENABLE_TESTABILITY = YES;
				GCC_C_LANGUAGE_STANDARD = gnu11;
				GCC_DYNAMIC_NO_PIC = NO;
				GCC_NO_COMMON_BLOCKS = YES;
				GCC_OPTIMIZATION_LEVEL = 0;
				GCC_PREPROCESSOR_DEFINITIONS = (
					"DEBUG=1",
					"$(inherited)",
				);
				GCC_WARN_64_TO_32_BIT_CONVERSION = YES;
				GCC_WARN_ABOUT_RETURN_TYPE = YES_ERROR;
				GCC_WARN_UNDECLARED_SELECTOR = YES;
				GCC_WARN_UNINITIALIZED_AUTOS = YES_AGGRESSIVE;
				GCC_WARN_UNUSED_FUNCTION = YES;
				GCC_WARN_UNUSED_VARIABLE = YES;
				MTL_ENABLE_DEBUG_INFO = INCLUDE_SOURCE;
				MTL_FAST_MATH = YES;
				ONLY_ACTIVE_ARCH = YES;
				SWIFT_ACTIVE_COMPILATION_CONDITIONS = DEBUG;
				SWIFT_OPTIMIZATION_LEVEL = "-Onone";
			};
			name = Debug;
		};
		6A72322E293FA27500EA6D83 /* Release */ = {
			isa = XCBuildConfiguration;
			buildSettings = {
				ALWAYS_SEARCH_USER_PATHS = NO;
				CLANG_ANALYZER_NONNULL = YES;
				CLANG_ANALYZER_NUMBER_OBJECT_CONVERSION = YES_AGGRESSIVE;
				CLANG_CXX_LANGUAGE_STANDARD = "gnu++20";
				CLANG_ENABLE_MODULES = YES;
				CLANG_ENABLE_OBJC_ARC = YES;
				CLANG_ENABLE_OBJC_WEAK = YES;
				CLANG_WARN_BLOCK_CAPTURE_AUTORELEASING = YES;
				CLANG_WARN_BOOL_CONVERSION = YES;
				CLANG_WARN_COMMA = YES;
				CLANG_WARN_CONSTANT_CONVERSION = YES;
				CLANG_WARN_DEPRECATED_OBJC_IMPLEMENTATIONS = YES;
				CLANG_WARN_DIRECT_OBJC_ISA_USAGE = YES_ERROR;
				CLANG_WARN_DOCUMENTATION_COMMENTS = YES;
				CLANG_WARN_EMPTY_BODY = YES;
				CLANG_WARN_ENUM_CONVERSION = YES;
				CLANG_WARN_INFINITE_RECURSION = YES;
				CLANG_WARN_INT_CONVERSION = YES;
				CLANG_WARN_NON_LITERAL_NULL_CONVERSION = YES;
				CLANG_WARN_OBJC_IMPLICIT_RETAIN_SELF = YES;
				CLANG_WARN_OBJC_LITERAL_CONVERSION = YES;
				CLANG_WARN_OBJC_ROOT_CLASS = YES_ERROR;
				CLANG_WARN_QUOTED_INCLUDE_IN_FRAMEWORK_HEADER = YES;
				CLANG_WARN_RANGE_LOOP_ANALYSIS = YES;
				CLANG_WARN_STRICT_PROTOTYPES = YES;
				CLANG_WARN_SUSPICIOUS_MOVE = YES;
				CLANG_WARN_UNGUARDED_AVAILABILITY = YES_AGGRESSIVE;
				CLANG_WARN_UNREACHABLE_CODE = YES;
				CLANG_WARN__DUPLICATE_METHOD_MATCH = YES;
				COPY_PHASE_STRIP = NO;
				DEBUG_INFORMATION_FORMAT = "dwarf-with-dsym";
				ENABLE_NS_ASSERTIONS = NO;
				ENABLE_STRICT_OBJC_MSGSEND = YES;
				GCC_C_LANGUAGE_STANDARD = gnu11;
				GCC_NO_COMMON_BLOCKS = YES;
				GCC_WARN_64_TO_32_BIT_CONVERSION = YES;
				GCC_WARN_ABOUT_RETURN_TYPE = YES_ERROR;
				GCC_WARN_UNDECLARED_SELECTOR = YES;
				GCC_WARN_UNINITIALIZED_AUTOS = YES_AGGRESSIVE;
				GCC_WARN_UNUSED_FUNCTION = YES;
				GCC_WARN_UNUSED_VARIABLE = YES;
				MTL_ENABLE_DEBUG_INFO = NO;
				MTL_FAST_MATH = YES;
				SWIFT_COMPILATION_MODE = wholemodule;
				SWIFT_OPTIMIZATION_LEVEL = "-O";
			};
			name = Release;
		};
		6A723230293FA27500EA6D83 /* Debug */ = {
			isa = XCBuildConfiguration;
			buildSettings = {
				ASSETCATALOG_COMPILER_APPICON_NAME = AppIcon;
				ASSETCATALOG_COMPILER_GLOBAL_ACCENT_COLOR_NAME = AccentColor;
				CODE_SIGN_ENTITLEMENTS = jujunotes/jujunotes.entitlements;
				CODE_SIGN_STYLE = Automatic;
				CURRENT_PROJECT_VERSION = 1;
				DEVELOPMENT_ASSET_PATHS = "\"jujunotes/Preview Content\"";
				DEVELOPMENT_TEAM = PFV5QSGFBW;
				ENABLE_HARDENED_RUNTIME = YES;
				ENABLE_PREVIEWS = YES;
				GENERATE_INFOPLIST_FILE = YES;
				INFOPLIST_KEY_CFBundleDisplayName = Jujunotes;
				INFOPLIST_KEY_LSApplicationCategoryType = "public.app-category.healthcare-fitness";
				"INFOPLIST_KEY_UIApplicationSceneManifest_Generation[sdk=iphoneos*]" = YES;
				"INFOPLIST_KEY_UIApplicationSceneManifest_Generation[sdk=iphonesimulator*]" = YES;
				"INFOPLIST_KEY_UIApplicationSupportsIndirectInputEvents[sdk=iphoneos*]" = YES;
				"INFOPLIST_KEY_UIApplicationSupportsIndirectInputEvents[sdk=iphonesimulator*]" = YES;
				"INFOPLIST_KEY_UILaunchScreen_Generation[sdk=iphoneos*]" = YES;
				"INFOPLIST_KEY_UILaunchScreen_Generation[sdk=iphonesimulator*]" = YES;
				"INFOPLIST_KEY_UIStatusBarStyle[sdk=iphoneos*]" = UIStatusBarStyleDefault;
				"INFOPLIST_KEY_UIStatusBarStyle[sdk=iphonesimulator*]" = UIStatusBarStyleDefault;
				INFOPLIST_KEY_UISupportedInterfaceOrientations_iPad = "UIInterfaceOrientationPortrait UIInterfaceOrientationPortraitUpsideDown UIInterfaceOrientationLandscapeLeft UIInterfaceOrientationLandscapeRight";
				INFOPLIST_KEY_UISupportedInterfaceOrientations_iPhone = "UIInterfaceOrientationPortrait UIInterfaceOrientationLandscapeLeft UIInterfaceOrientationLandscapeRight";
				IPHONEOS_DEPLOYMENT_TARGET = 16.1;
				LD_RUNPATH_SEARCH_PATHS = "@executable_path/Frameworks";
				"LD_RUNPATH_SEARCH_PATHS[sdk=macosx*]" = "@executable_path/../Frameworks";
				MACOSX_DEPLOYMENT_TARGET = 12.5;
				MARKETING_VERSION = 1.0;
				PRODUCT_BUNDLE_IDENTIFIER = com.alvkoen.jujunotes;
				PRODUCT_NAME = "$(TARGET_NAME)";
				SDKROOT = auto;
				SUPPORTED_PLATFORMS = "iphoneos iphonesimulator";
				SUPPORTS_MACCATALYST = NO;
				SUPPORTS_MAC_DESIGNED_FOR_IPHONE_IPAD = NO;
				SWIFT_EMIT_LOC_STRINGS = YES;
				SWIFT_VERSION = 5.0;
				TARGETED_DEVICE_FAMILY = 1;
			};
			name = Debug;
		};
		6A723231293FA27500EA6D83 /* Release */ = {
			isa = XCBuildConfiguration;
			buildSettings = {
				ASSETCATALOG_COMPILER_APPICON_NAME = AppIcon;
				ASSETCATALOG_COMPILER_GLOBAL_ACCENT_COLOR_NAME = AccentColor;
				CODE_SIGN_ENTITLEMENTS = jujunotes/jujunotes.entitlements;
				CODE_SIGN_STYLE = Automatic;
				CURRENT_PROJECT_VERSION = 1;
				DEVELOPMENT_ASSET_PATHS = "\"jujunotes/Preview Content\"";
				DEVELOPMENT_TEAM = PFV5QSGFBW;
				ENABLE_HARDENED_RUNTIME = YES;
				ENABLE_PREVIEWS = YES;
				GENERATE_INFOPLIST_FILE = YES;
				INFOPLIST_KEY_CFBundleDisplayName = Jujunotes;
				INFOPLIST_KEY_LSApplicationCategoryType = "public.app-category.healthcare-fitness";
				"INFOPLIST_KEY_UIApplicationSceneManifest_Generation[sdk=iphoneos*]" = YES;
				"INFOPLIST_KEY_UIApplicationSceneManifest_Generation[sdk=iphonesimulator*]" = YES;
				"INFOPLIST_KEY_UIApplicationSupportsIndirectInputEvents[sdk=iphoneos*]" = YES;
				"INFOPLIST_KEY_UIApplicationSupportsIndirectInputEvents[sdk=iphonesimulator*]" = YES;
				"INFOPLIST_KEY_UILaunchScreen_Generation[sdk=iphoneos*]" = YES;
				"INFOPLIST_KEY_UILaunchScreen_Generation[sdk=iphonesimulator*]" = YES;
				"INFOPLIST_KEY_UIStatusBarStyle[sdk=iphoneos*]" = UIStatusBarStyleDefault;
				"INFOPLIST_KEY_UIStatusBarStyle[sdk=iphonesimulator*]" = UIStatusBarStyleDefault;
				INFOPLIST_KEY_UISupportedInterfaceOrientations_iPad = "UIInterfaceOrientationPortrait UIInterfaceOrientationPortraitUpsideDown UIInterfaceOrientationLandscapeLeft UIInterfaceOrientationLandscapeRight";
				INFOPLIST_KEY_UISupportedInterfaceOrientations_iPhone = "UIInterfaceOrientationPortrait UIInterfaceOrientationLandscapeLeft UIInterfaceOrientationLandscapeRight";
				IPHONEOS_DEPLOYMENT_TARGET = 16.1;
				LD_RUNPATH_SEARCH_PATHS = "@executable_path/Frameworks";
				"LD_RUNPATH_SEARCH_PATHS[sdk=macosx*]" = "@executable_path/../Frameworks";
				MACOSX_DEPLOYMENT_TARGET = 12.5;
				MARKETING_VERSION = 1.0;
				PRODUCT_BUNDLE_IDENTIFIER = com.alvkoen.jujunotes;
				PRODUCT_NAME = "$(TARGET_NAME)";
				SDKROOT = auto;
				SUPPORTED_PLATFORMS = "iphoneos iphonesimulator";
				SUPPORTS_MACCATALYST = NO;
				SUPPORTS_MAC_DESIGNED_FOR_IPHONE_IPAD = NO;
				SWIFT_EMIT_LOC_STRINGS = YES;
				SWIFT_VERSION = 5.0;
				TARGETED_DEVICE_FAMILY = 1;
			};
			name = Release;
		};
/* End XCBuildConfiguration section */

/* Begin XCConfigurationList section */
		6A72321B293FA27400EA6D83 /* Build configuration list for PBXProject "jujunotes" */ = {
			isa = XCConfigurationList;
			buildConfigurations = (
				6A72322D293FA27500EA6D83 /* Debug */,
				6A72322E293FA27500EA6D83 /* Release */,
			);
			defaultConfigurationIsVisible = 0;
			defaultConfigurationName = Release;
		};
		6A72322F293FA27500EA6D83 /* Build configuration list for PBXNativeTarget "jujunotes" */ = {
			isa = XCConfigurationList;
			buildConfigurations = (
				6A723230293FA27500EA6D83 /* Debug */,
				6A723231293FA27500EA6D83 /* Release */,
			);
			defaultConfigurationIsVisible = 0;
			defaultConfigurationName = Release;
		};
/* End XCConfigurationList section */
	};
	rootObject = 6A723218293FA27400EA6D83 /* Project object */;
}
